// !$*UTF8*$!
{
	archiveVersion = 1;
	classes = {
	};
	objectVersion = 46;
	objects = {

/* Begin PBXBuildFile section */
		4B60B90B1F44494000F7A9DB /* AppDelegate.swift in Sources */ = {isa = PBXBuildFile; fileRef = 4B60B90A1F44494000F7A9DB /* AppDelegate.swift */; };
		4B60B9101F44494000F7A9DB /* Main.storyboard in Resources */ = {isa = PBXBuildFile; fileRef = 4B60B90E1F44494000F7A9DB /* Main.storyboard */; };
		4B60B9121F44494000F7A9DB /* Assets.xcassets in Resources */ = {isa = PBXBuildFile; fileRef = 4B60B9111F44494000F7A9DB /* Assets.xcassets */; };
		4B60B9151F44494000F7A9DB /* LaunchScreen.storyboard in Resources */ = {isa = PBXBuildFile; fileRef = 4B60B9131F44494000F7A9DB /* LaunchScreen.storyboard */; };
		4B60B91D1F44497800F7A9DB /* TableViewController.swift in Sources */ = {isa = PBXBuildFile; fileRef = 4B60B91C1F44497800F7A9DB /* TableViewController.swift */; };
/* End PBXBuildFile section */

/* Begin PBXFileReference section */
		4B60B9071F44494000F7A9DB /* LoadMoreTableView.app */ = {isa = PBXFileReference; explicitFileType = wrapper.application; includeInIndex = 0; path = LoadMoreTableView.app; sourceTree = BUILT_PRODUCTS_DIR; };
		4B60B90A1F44494000F7A9DB /* AppDelegate.swift */ = {isa = PBXFileReference; lastKnownFileType = sourcecode.swift; path = AppDelegate.swift; sourceTree = "<group>"; };
		4B60B90F1F44494000F7A9DB /* Base */ = {isa = PBXFileReference; lastKnownFileType = file.storyboard; name = Base; path = Base.lproj/Main.storyboard; sourceTree = "<group>"; };
		4B60B9111F44494000F7A9DB /* Assets.xcassets */ = {isa = PBXFileReference; lastKnownFileType = folder.assetcatalog; path = Assets.xcassets; sourceTree = "<group>"; };
		4B60B9141F44494000F7A9DB /* Base */ = {isa = PBXFileReference; lastKnownFileType = file.storyboard; name = Base; path = Base.lproj/LaunchScreen.storyboard; sourceTree = "<group>"; };
		4B60B9161F44494000F7A9DB /* Info.plist */ = {isa = PBXFileReference; lastKnownFileType = text.plist.xml; path = Info.plist; sourceTree = "<group>"; };
		4B60B91C1F44497800F7A9DB /* TableViewController.swift */ = {isa = PBXFileReference; fileEncoding = 4; lastKnownFileType = sourcecode.swift; path = TableViewController.swift; sourceTree = "<group>"; };
/* End PBXFileReference section */

/* Begin PBXFrameworksBuildPhase section */
		4B60B9041F44494000F7A9DB /* Frameworks */ = {
			isa = PBXFrameworksBuildPhase;
			buildActionMask = 2147483647;
			files = (
			);
			runOnlyForDeploymentPostprocessing = 0;
		};
/* End PBXFrameworksBuildPhase section */

/* Begin PBXGroup section */
		4B60B8FE1F44494000F7A9DB = {
			isa = PBXGroup;
			children = (
				4B60B9091F44494000F7A9DB /* LoadMoreTableView */,
				4B60B9081F44494000F7A9DB /* Products */,
			);
			sourceTree = "<group>";
		};
		4B60B9081F44494000F7A9DB /* Products */ = {
			isa = PBXGroup;
			children = (
				4B60B9071F44494000F7A9DB /* LoadMoreTableView.app */,
			);
			name = Products;
			sourceTree = "<group>";
		};
		4B60B9091F44494000F7A9DB /* LoadMoreTableView */ = {
			isa = PBXGroup;
			children = (
				4B60B90A1F44494000F7A9DB /* AppDelegate.swift */,
				4B60B90E1F44494000F7A9DB /* Main.storyboard */,
				4B60B91C1F44497800F7A9DB /* TableViewController.swift */,
				4B60B9111F44494000F7A9DB /* Assets.xcassets */,
				4B60B9131F44494000F7A9DB /* LaunchScreen.storyboard */,
				4B60B9161F44494000F7A9DB /* Info.plist */,
			);
			path = LoadMoreTableView;
			sourceTree = "<group>";
		};
/* End PBXGroup section */

/* Begin PBXNativeTarget section */
		4B60B9061F44494000F7A9DB /* LoadMoreTableView */ = {
			isa = PBXNativeTarget;
			buildConfigurationList = 4B60B9191F44494000F7A9DB /* Build configuration list for PBXNativeTarget "LoadMoreTableView" */;
			buildPhases = (
				4B60B9031F44494000F7A9DB /* Sources */,
				4B60B9041F44494000F7A9DB /* Frameworks */,
				4B60B9051F44494000F7A9DB /* Resources */,
			);
			buildRules = (
			);
			dependencies = (
			);
			name = LoadMoreTableView;
			productName = LoadMoreTableView;
			productReference = 4B60B9071F44494000F7A9DB /* LoadMoreTableView.app */;
			productType = "com.apple.product-type.application";
		};
/* End PBXNativeTarget section */

/* Begin PBXProject section */
		4B60B8FF1F44494000F7A9DB /* Project object */ = {
			isa = PBXProject;
			attributes = {
				LastSwiftUpdateCheck = 0830;
				LastUpgradeCheck = 0830;
				ORGANIZATIONNAME = "Nitin Bhatia";
				TargetAttributes = {
					4B60B9061F44494000F7A9DB = {
						CreatedOnToolsVersion = 8.3.3;
						DevelopmentTeam = SF78HV8BZS;
						ProvisioningStyle = Automatic;
					};
				};
			};
			buildConfigurationList = 4B60B9021F44494000F7A9DB /* Build configuration list for PBXProject "LoadMoreTableView" */;
			compatibilityVersion = "Xcode 3.2";
			developmentRegion = English;
			hasScannedForEncodings = 0;
			knownRegions = (
				en,
				Base,
			);
			mainGroup = 4B60B8FE1F44494000F7A9DB;
			productRefGroup = 4B60B9081F44494000F7A9DB /* Products */;
			projectDirPath = "";
			projectRoot = "";
			targets = (
				4B60B9061F44494000F7A9DB /* LoadMoreTableView */,
			);
		};
/* End PBXProject section */

/* Begin PBXResourcesBuildPhase section */
		4B60B9051F44494000F7A9DB /* Resources */ = {
			isa = PBXResourcesBuildPhase;
			buildActionMask = 2147483647;
			files = (
				4B60B9151F44494000F7A9DB /* LaunchScreen.storyboard in Resources */,
				4B60B9121F44494000F7A9DB /* Assets.xcassets in Resources */,
				4B60B9101F44494000F7A9DB /* Main.storyboard in Resources */,
			);
			runOnlyForDeploymentPostprocessing = 0;
		};
/* End PBXResourcesBuildPhase section */

/* Begin PBXSourcesBuildPhase section */
		4B60B9031F44494000F7A9DB /* Sources */ = {
			isa = PBXSourcesBuildPhase;
			buildActionMask = 2147483647;
			files = (
				4B60B91D1F44497800F7A9DB /* TableViewController.swift in Sources */,
				4B60B90B1F44494000F7A9DB /* AppDelegate.swift in Sources */,
			);
			runOnlyForDeploymentPostprocessing = 0;
		};
/* End PBXSourcesBuildPhase section */

/* Begin PBXVariantGroup section */
		4B60B90E1F44494000F7A9DB /* Main.storyboard */ = {
			isa = PBXVariantGroup;
			children = (
				4B60B90F1F44494000F7A9DB /* Base */,
			);
			name = Main.storyboard;
			sourceTree = "<group>";
		};
		4B60B9131F44494000F7A9DB /* LaunchScreen.storyboard */ = {
			isa = PBXVariantGroup;
			children = (
				4B60B9141F44494000F7A9DB /* Base */,
			);
			name = LaunchScreen.storyboard;
			sourceTree = "<group>";
		};
/* End PBXVariantGroup section */

/* Begin XCBuildConfiguration section */
		4B60B9171F44494000F7A9DB /* Debug */ = {
			isa = XCBuildConfiguration;
			buildSettings = {
				ALWAYS_SEARCH_USER_PATHS = NO;
				CLANG_ANALYZER_NONNULL = YES;
				CLANG_ANALYZER_NUMBER_OBJECT_CONVERSION = YES_AGGRESSIVE;
				CLANG_CXX_LANGUAGE_STANDARD = "gnu++0x";
				CLANG_CXX_LIBRARY = "libc++";
				CLANG_ENABLE_MODULES = YES;
				CLANG_ENABLE_OBJC_ARC = YES;
				CLANG_WARN_BOOL_CONVERSION = YES;
				CLANG_WARN_CONSTANT_CONVERSION = YES;
				CLANG_WARN_DIRECT_OBJC_ISA_USAGE = YES_ERROR;
				CLANG_WARN_DOCUMENTATION_COMMENTS = YES;
				CLANG_WARN_EMPTY_BODY = YES;
				CLANG_WARN_ENUM_CONVERSION = YES;
				CLANG_WARN_INFINITE_RECURSION = YES;
				CLANG_WARN_INT_CONVERSION = YES;
				CLANG_WARN_OBJC_ROOT_CLASS = YES_ERROR;
				CLANG_WARN_SUSPICIOUS_MOVE = YES;
				CLANG_WARN_UNREACHABLE_CODE = YES;
				CLANG_WARN__DUPLICATE_METHOD_MATCH = YES;
				"CODE_SIGN_IDENTITY[sdk=iphoneos*]" = "iPhone Developer";
				COPY_PHASE_STRIP = NO;
				DEBUG_INFORMATION_FORMAT = dwarf;
				ENABLE_STRICT_OBJC_MSGSEND = YES;
				ENABLE_TESTABILITY = YES;
				GCC_C_LANGUAGE_STANDARD = gnu99;
				GCC_DYNAMIC_NO_PIC = NO;
				GCC_NO_COMMON_BLOCKS = YES;
				GCC_OPTIMIZATION_LEVEL = 0;
				GCC_PREPROCESSOR_DEFINITIONS = (
					"DEBUG=1",
					"$(inherited)",
				);
				GCC_WARN_64_TO_32_BIT_CONVERSION = YES;
				GCC_WARN_ABOUT_RETURN_TYPE = YES_ERROR;
				GCC_WARN_UNDECLARED_SELECTOR = YES;
				GCC_WARN_UNINITIALIZED_AUTOS = YES_AGGRESSIVE;
				GCC_WARN_UNUSED_FUNCTION = YES;
				GCC_WARN_UNUSED_VARIABLE = YES;
				IPHONEOS_DEPLOYMENT_TARGET = 10.3;
				MTL_ENABLE_DEBUG_INFO = YES;
				ONLY_ACTIVE_ARCH = YES;
				SDKROOT = iphoneos;
				SWIFT_ACTIVE_COMPILATION_CONDITIONS = DEBUG;
				SWIFT_OPTIMIZATION_LEVEL = "-Onone";
				TARGETED_DEVICE_FAMILY = "1,2";
			};
			name = Debug;
		};
		4B60B9181F44494000F7A9DB /* Release */ = {
			isa = XCBuildConfiguration;
			buildSettings = {
				ALWAYS_SEARCH_USER_PATHS = NO;
				CLANG_ANALYZER_NONNULL = YES;
				CLANG_ANALYZER_NUMBER_OBJECT_CONVERSION = YES_AGGRESSIVE;
				CLANG_CXX_LANGUAGE_STANDARD = "gnu++0x";
				CLANG_CXX_LIBRARY = "libc++";
				CLANG_ENABLE_MODULES = YES;
				CLANG_ENABLE_OBJC_ARC = YES;
				CLANG_WARN_BOOL_CONVERSION = YES;
				CLANG_WARN_CONSTANT_CONVERSION = YES;
				CLANG_WARN_DIRECT_OBJC_ISA_USAGE = YES_ERROR;
				CLANG_WARN_DOCUMENTATION_COMMENTS = YES;
				CLANG_WARN_EMPTY_BODY = YES;
				CLANG_WARN_ENUM_CONVERSION = YES;
				CLANG_WARN_INFINITE_RECURSION = YES;
				CLANG_WARN_INT_CONVERSION = YES;
				CLANG_WARN_OBJC_ROOT_CLASS = YES_ERROR;
				CLANG_WARN_SUSPICIOUS_MOVE = YES;
				CLANG_WARN_UNREACHABLE_CODE = YES;
				CLANG_WARN__DUPLICATE_METHOD_MATCH = YES;
				"CODE_SIGN_IDENTITY[sdk=iphoneos*]" = "iPhone Developer";
				COPY_PHASE_STRIP = NO;
				DEBUG_INFORMATION_FORMAT = "dwarf-with-dsym";
				ENABLE_NS_ASSERTIONS = NO;
				ENABLE_STRICT_OBJC_MSGSEND = YES;
				GCC_C_LANGUAGE_STANDARD = gnu99;
				GCC_NO_COMMON_BLOCKS = YES;
				GCC_WARN_64_TO_32_BIT_CONVERSION = YES;
				GCC_WARN_ABOUT_RETURN_TYPE = YES_ERROR;
				GCC_WARN_UNDECLARED_SELECTOR = YES;
				GCC_WARN_UNINITIALIZED_AUTOS = YES_AGGRESSIVE;
				GCC_WARN_UNUSED_FUNCTION = YES;
				GCC_WARN_UNUSED_VARIABLE = YES;
				IPHONEOS_DEPLOYMENT_TARGET = 10.3;
				MTL_ENABLE_DEBUG_INFO = NO;
				SDKROOT = iphoneos;
				SWIFT_OPTIMIZATION_LEVEL = "-Owholemodule";
				TARGETED_DEVICE_FAMILY = "1,2";
				VALIDATE_PRODUCT = YES;
			};
			name = Release;
		};
		4B60B91A1F44494000F7A9DB /* Debug */ = {
			isa = XCBuildConfiguration;
			buildSettings = {
				ASSETCATALOG_COMPILER_APPICON_NAME = AppIcon;
				DEVELOPMENT_TEAM = SF78HV8BZS;
				INFOPLIST_FILE = LoadMoreTableView/Info.plist;
				LD_RUNPATH_SEARCH_PATHS = "$(inherited) @executable_path/Frameworks";
				PRODUCT_BUNDLE_IDENTIFIER = com.demo.LoadMoreTableView;
				PRODUCT_NAME = "$(TARGET_NAME)";
				SWIFT_VERSION = 3.0;
			};
			name = Debug;
		};
		4B60B91B1F44494000F7A9DB /* Release */ = {
			isa = XCBuildConfiguration;
			buildSettings = {
				ASSETCATALOG_COMPILER_APPICON_NAME = AppIcon;
				DEVELOPMENT_TEAM = SF78HV8BZS;
				INFOPLIST_FILE = LoadMoreTableView/Info.plist;
				LD_RUNPATH_SEARCH_PATHS = "$(inherited) @executable_path/Frameworks";
				PRODUCT_BUNDLE_IDENTIFIER = com.demo.LoadMoreTableView;
				PRODUCT_NAME = "$(TARGET_NAME)";
				SWIFT_VERSION = 3.0;
			};
			name = Release;
		};
/* End XCBuildConfiguration section */

/* Begin XCConfigurationList section */
		4B60B9021F44494000F7A9DB /* Build configuration list for PBXProject "LoadMoreTableView" */ = {
			isa = XCConfigurationList;
			buildConfigurations = (
				4B60B9171F44494000F7A9DB /* Debug */,
				4B60B9181F44494000F7A9DB /* Release */,
			);
			defaultConfigurationIsVisible = 0;
			defaultConfigurationName = Release;
		};
		4B60B9191F44494000F7A9DB /* Build configuration list for PBXNativeTarget "LoadMoreTableView" */ = {
			isa = XCConfigurationList;
			buildConfigurations = (
				4B60B91A1F44494000F7A9DB /* Debug */,
				4B60B91B1F44494000F7A9DB /* Release */,
			);
			defaultConfigurationIsVisible = 0;
		};
/* End XCConfigurationList section */
	};
	rootObject = 4B60B8FF1F44494000F7A9DB /* Project object */;
}
